{
  "name": "turn-off-the-cameras",
  "version": "1.0.0",
  "lockfileVersion": 3,
  "requires": true,
  "packages": {
    "": {
      "name": "turn-off-the-cameras",
      "version": "1.0.0",
      "devDependencies": {
        "open-civics": "^0.2.7",
        "open-civics-boundaries": "^0.2.7"
      }
    },
    "node_modules/open-civics": {
      "version": "0.2.7",
      "resolved": "https://registry.npmjs.org/open-civics/-/open-civics-0.2.7.tgz",
      "integrity": "sha512-J1ynm+vZbAAAYnRkGkD+UFAcTe+NIe3Tnw2rSzNA+g1H82XPSogzmI73sAj+3zCxbm04eL4AlgSo0dckgHGLhA==",
      "dev": true,
      "license": "MIT"
    },
    "node_modules/open-civics-boundaries": {
      "version": "0.2.7",
      "resolved": "https://registry.npmjs.org/open-civics-boundaries/-/open-civics-boundaries-0.2.7.tgz",
      "integrity": "sha512-RtDaGBaaW3uuFfeMANWrSs0Wt+hsgYdQHGqEoGnTBHi5u11VPJqRtEr6BLQcc5DSr3YlzWlP7jyPwfpJ4KR+Bg==",
      "dev": true,
      "license": "MIT"
    }
  }
}
